// !$*UTF8*$!
{
	archiveVersion = 1;
	classes = {
	};
	objectVersion = 50;
	objects = {

/* Begin PBXBuildFile section */
		1D0A7C3D23BB1236005C691D /* AppDelegate.swift in Sources */ = {isa = PBXBuildFile; fileRef = 1D0A7C3C23BB1236005C691D /* AppDelegate.swift */; };
		1D0A7C3F23BB1236005C691D /* SceneDelegate.swift in Sources */ = {isa = PBXBuildFile; fileRef = 1D0A7C3E23BB1236005C691D /* SceneDelegate.swift */; };
		1D0A7C4123BB1236005C691D /* ContentView.swift in Sources */ = {isa = PBXBuildFile; fileRef = 1D0A7C4023BB1236005C691D /* ContentView.swift */; };
		1D0A7C4323BB123A005C691D /* Assets.xcassets in Resources */ = {isa = PBXBuildFile; fileRef = 1D0A7C4223BB123A005C691D /* Assets.xcassets */; };
		1D0A7C4623BB123A005C691D /* Preview Assets.xcassets in Resources */ = {isa = PBXBuildFile; fileRef = 1D0A7C4523BB123A005C691D /* Preview Assets.xcassets */; };
		1D0A7C4923BB123A005C691D /* LaunchScreen.storyboard in Resources */ = {isa = PBXBuildFile; fileRef = 1D0A7C4723BB123A005C691D /* LaunchScreen.storyboard */; };
		1D0A7C5223BB1266005C691D /* Singleton.swift in Sources */ = {isa = PBXBuildFile; fileRef = 1D0A7C5123BB1266005C691D /* Singleton.swift */; };
		1D0A7C5423BB29E3005C691D /* Observer.swift in Sources */ = {isa = PBXBuildFile; fileRef = 1D0A7C5323BB29E3005C691D /* Observer.swift */; };
		1D0A7C5623BB4130005C691D /* Strategy.swift in Sources */ = {isa = PBXBuildFile; fileRef = 1D0A7C5523BB4130005C691D /* Strategy.swift */; };
		1D0A7C5823BB492D005C691D /* Decorator.swift in Sources */ = {isa = PBXBuildFile; fileRef = 1D0A7C5723BB492D005C691D /* Decorator.swift */; };
		1D0A7C5A23BB5719005C691D /* Adapter.swift in Sources */ = {isa = PBXBuildFile; fileRef = 1D0A7C5923BB5719005C691D /* Adapter.swift */; };
		1D0A7C5C23BB60C3005C691D /* Facade.swift in Sources */ = {isa = PBXBuildFile; fileRef = 1D0A7C5B23BB60C3005C691D /* Facade.swift */; };
		1D0A7C6023BB6738005C691D /* Prototype.swift in Sources */ = {isa = PBXBuildFile; fileRef = 1D0A7C5F23BB6738005C691D /* Prototype.swift */; };
		1D0A7C6223BB8C23005C691D /* TemplateMethod.swift in Sources */ = {isa = PBXBuildFile; fileRef = 1D0A7C6123BB8C23005C691D /* TemplateMethod.swift */; };
		1D0A7C6423BBA15C005C691D /* Proxy.swift in Sources */ = {isa = PBXBuildFile; fileRef = 1D0A7C6323BBA15C005C691D /* Proxy.swift */; };
		1D0A7C6623BBA2E2005C691D /* Composite.swift in Sources */ = {isa = PBXBuildFile; fileRef = 1D0A7C6523BBA2E2005C691D /* Composite.swift */; };
		1D0A7C6823BBA400005C691D /* ChainOfResponsibility.swift in Sources */ = {isa = PBXBuildFile; fileRef = 1D0A7C6723BBA400005C691D /* ChainOfResponsibility.swift */; };
		1D0A7C6A23BBA534005C691D /* Iterator.swift in Sources */ = {isa = PBXBuildFile; fileRef = 1D0A7C6923BBA534005C691D /* Iterator.swift */; };
		1D0A7C6C23BBA5F0005C691D /* Command.swift in Sources */ = {isa = PBXBuildFile; fileRef = 1D0A7C6B23BBA5F0005C691D /* Command.swift */; };
		1D0A7C6E23BBA6BC005C691D /* Mediator.swift in Sources */ = {isa = PBXBuildFile; fileRef = 1D0A7C6D23BBA6BC005C691D /* Mediator.swift */; };
		1D0A7C7023BBA803005C691D /* Visitor.swift in Sources */ = {isa = PBXBuildFile; fileRef = 1D0A7C6F23BBA803005C691D /* Visitor.swift */; };
		1D0A7C7223BBA8FC005C691D /* Flyweight.swift in Sources */ = {isa = PBXBuildFile; fileRef = 1D0A7C7123BBA8FC005C691D /* Flyweight.swift */; };
		1D0A7C7423BBAB8F005C691D /* State.swift in Sources */ = {isa = PBXBuildFile; fileRef = 1D0A7C7323BBAB8F005C691D /* State.swift */; };
		1D0A7C7623BBB153005C691D /* Memento.swift in Sources */ = {isa = PBXBuildFile; fileRef = 1D0A7C7523BBB153005C691D /* Memento.swift */; };
		95DBDE8F23C36B4C003AB3C7 /* FactoryMethod.swift in Sources */ = {isa = PBXBuildFile; fileRef = 95DBDE8E23C36B4C003AB3C7 /* FactoryMethod.swift */; };
		95DBDE9223C36C8A003AB3C7 /* DecoratorDemo.swift in Sources */ = {isa = PBXBuildFile; fileRef = 95DBDE9123C36C8A003AB3C7 /* DecoratorDemo.swift */; };
		95DBDE9423C36D11003AB3C7 /* Patterns.swift in Sources */ = {isa = PBXBuildFile; fileRef = 95DBDE9323C36D11003AB3C7 /* Patterns.swift */; };
		95DBDE9623C36D22003AB3C7 /* PatternsDemo.swift in Sources */ = {isa = PBXBuildFile; fileRef = 95DBDE9523C36D22003AB3C7 /* PatternsDemo.swift */; };
		95DBDE9823C36FE6003AB3C7 /* ProxyDemo.swift in Sources */ = {isa = PBXBuildFile; fileRef = 95DBDE9723C36FE6003AB3C7 /* ProxyDemo.swift */; };
		95DBDE9A23C370BA003AB3C7 /* IteratorDemo.swift in Sources */ = {isa = PBXBuildFile; fileRef = 95DBDE9923C370BA003AB3C7 /* IteratorDemo.swift */; };
		95DBDE9D23C37274003AB3C7 /* Playgrounds.swift in Sources */ = {isa = PBXBuildFile; fileRef = 95DBDE9C23C37274003AB3C7 /* Playgrounds.swift */; };
		95DBDE9F23C372ED003AB3C7 /* CoffeeMachine.swift in Sources */ = {isa = PBXBuildFile; fileRef = 95DBDE9E23C372ED003AB3C7 /* CoffeeMachine.swift */; };
		95DBDEA123C37520003AB3C7 /* Broadcasting.swift in Sources */ = {isa = PBXBuildFile; fileRef = 95DBDEA023C37520003AB3C7 /* Broadcasting.swift */; };
		95DBDEA323C3765B003AB3C7 /* RequestHandling.swift in Sources */ = {isa = PBXBuildFile; fileRef = 95DBDEA223C3765B003AB3C7 /* RequestHandling.swift */; };
		95DBDEA523C37796003AB3C7 /* SpaceFleet.swift in Sources */ = {isa = PBXBuildFile; fileRef = 95DBDEA423C37796003AB3C7 /* SpaceFleet.swift */; };
		95DBDEA723C37940003AB3C7 /* PaymentDemo.swift in Sources */ = {isa = PBXBuildFile; fileRef = 95DBDEA623C37940003AB3C7 /* PaymentDemo.swift */; };
		95DBDEDA23C48D32003AB3C7 /* PatternsExamples.swift in Sources */ = {isa = PBXBuildFile; fileRef = 95DBDED923C48D32003AB3C7 /* PatternsExamples.swift */; };
		95DBDEDD23C48D61003AB3C7 /* BuilderExample.swift in Sources */ = {isa = PBXBuildFile; fileRef = 95DBDEDC23C48D61003AB3C7 /* BuilderExample.swift */; };
		95DBDEDF23C48EC6003AB3C7 /* ChainOfResponsibilityExample.swift in Sources */ = {isa = PBXBuildFile; fileRef = 95DBDEDE23C48EC6003AB3C7 /* ChainOfResponsibilityExample.swift */; };
		95DBDEE123C4987A003AB3C7 /* ProxyExample.swift in Sources */ = {isa = PBXBuildFile; fileRef = 95DBDEE023C4987A003AB3C7 /* ProxyExample.swift */; };
		95DBDEE323C49914003AB3C7 /* StateExample.swift in Sources */ = {isa = PBXBuildFile; fileRef = 95DBDEE223C49914003AB3C7 /* StateExample.swift */; };
/* End PBXBuildFile section */

/* Begin PBXFileReference section */
		1D0A7C3923BB1236005C691D /* DesignPatterns.app */ = {isa = PBXFileReference; explicitFileType = wrapper.application; includeInIndex = 0; path = DesignPatterns.app; sourceTree = BUILT_PRODUCTS_DIR; };
		1D0A7C3C23BB1236005C691D /* AppDelegate.swift */ = {isa = PBXFileReference; lastKnownFileType = sourcecode.swift; path = AppDelegate.swift; sourceTree = "<group>"; };
		1D0A7C3E23BB1236005C691D /* SceneDelegate.swift */ = {isa = PBXFileReference; lastKnownFileType = sourcecode.swift; path = SceneDelegate.swift; sourceTree = "<group>"; };
		1D0A7C4023BB1236005C691D /* ContentView.swift */ = {isa = PBXFileReference; lastKnownFileType = sourcecode.swift; path = ContentView.swift; sourceTree = "<group>"; };
		1D0A7C4223BB123A005C691D /* Assets.xcassets */ = {isa = PBXFileReference; lastKnownFileType = folder.assetcatalog; path = Assets.xcassets; sourceTree = "<group>"; };
		1D0A7C4523BB123A005C691D /* Preview Assets.xcassets */ = {isa = PBXFileReference; lastKnownFileType = folder.assetcatalog; path = "Preview Assets.xcassets"; sourceTree = "<group>"; };
		1D0A7C4823BB123A005C691D /* Base */ = {isa = PBXFileReference; lastKnownFileType = file.storyboard; name = Base; path = Base.lproj/LaunchScreen.storyboard; sourceTree = "<group>"; };
		1D0A7C4A23BB123A005C691D /* Info.plist */ = {isa = PBXFileReference; lastKnownFileType = text.plist.xml; path = Info.plist; sourceTree = "<group>"; };
		1D0A7C5123BB1266005C691D /* Singleton.swift */ = {isa = PBXFileReference; lastKnownFileType = sourcecode.swift; path = Singleton.swift; sourceTree = "<group>"; };
		1D0A7C5323BB29E3005C691D /* Observer.swift */ = {isa = PBXFileReference; lastKnownFileType = sourcecode.swift; path = Observer.swift; sourceTree = "<group>"; };
		1D0A7C5523BB4130005C691D /* Strategy.swift */ = {isa = PBXFileReference; lastKnownFileType = sourcecode.swift; path = Strategy.swift; sourceTree = "<group>"; };
		1D0A7C5723BB492D005C691D /* Decorator.swift */ = {isa = PBXFileReference; lastKnownFileType = sourcecode.swift; path = Decorator.swift; sourceTree = "<group>"; };
		1D0A7C5923BB5719005C691D /* Adapter.swift */ = {isa = PBXFileReference; lastKnownFileType = sourcecode.swift; path = Adapter.swift; sourceTree = "<group>"; };
		1D0A7C5B23BB60C3005C691D /* Facade.swift */ = {isa = PBXFileReference; lastKnownFileType = sourcecode.swift; path = Facade.swift; sourceTree = "<group>"; };
		1D0A7C5F23BB6738005C691D /* Prototype.swift */ = {isa = PBXFileReference; lastKnownFileType = sourcecode.swift; path = Prototype.swift; sourceTree = "<group>"; };
		1D0A7C6123BB8C23005C691D /* TemplateMethod.swift */ = {isa = PBXFileReference; lastKnownFileType = sourcecode.swift; path = TemplateMethod.swift; sourceTree = "<group>"; };
		1D0A7C6323BBA15C005C691D /* Proxy.swift */ = {isa = PBXFileReference; lastKnownFileType = sourcecode.swift; path = Proxy.swift; sourceTree = "<group>"; };
		1D0A7C6523BBA2E2005C691D /* Composite.swift */ = {isa = PBXFileReference; lastKnownFileType = sourcecode.swift; path = Composite.swift; sourceTree = "<group>"; };
		1D0A7C6723BBA400005C691D /* ChainOfResponsibility.swift */ = {isa = PBXFileReference; lastKnownFileType = sourcecode.swift; path = ChainOfResponsibility.swift; sourceTree = "<group>"; };
		1D0A7C6923BBA534005C691D /* Iterator.swift */ = {isa = PBXFileReference; lastKnownFileType = sourcecode.swift; path = Iterator.swift; sourceTree = "<group>"; };
		1D0A7C6B23BBA5F0005C691D /* Command.swift */ = {isa = PBXFileReference; lastKnownFileType = sourcecode.swift; path = Command.swift; sourceTree = "<group>"; };
		1D0A7C6D23BBA6BC005C691D /* Mediator.swift */ = {isa = PBXFileReference; lastKnownFileType = sourcecode.swift; path = Mediator.swift; sourceTree = "<group>"; };
		1D0A7C6F23BBA803005C691D /* Visitor.swift */ = {isa = PBXFileReference; lastKnownFileType = sourcecode.swift; path = Visitor.swift; sourceTree = "<group>"; };
		1D0A7C7123BBA8FC005C691D /* Flyweight.swift */ = {isa = PBXFileReference; lastKnownFileType = sourcecode.swift; path = Flyweight.swift; sourceTree = "<group>"; };
		1D0A7C7323BBAB8F005C691D /* State.swift */ = {isa = PBXFileReference; lastKnownFileType = sourcecode.swift; path = State.swift; sourceTree = "<group>"; };
		1D0A7C7523BBB153005C691D /* Memento.swift */ = {isa = PBXFileReference; lastKnownFileType = sourcecode.swift; path = Memento.swift; sourceTree = "<group>"; };
		95DBDE8E23C36B4C003AB3C7 /* FactoryMethod.swift */ = {isa = PBXFileReference; lastKnownFileType = sourcecode.swift; path = FactoryMethod.swift; sourceTree = "<group>"; };
		95DBDE9123C36C8A003AB3C7 /* DecoratorDemo.swift */ = {isa = PBXFileReference; lastKnownFileType = sourcecode.swift; path = DecoratorDemo.swift; sourceTree = "<group>"; };
		95DBDE9323C36D11003AB3C7 /* Patterns.swift */ = {isa = PBXFileReference; lastKnownFileType = sourcecode.swift; path = Patterns.swift; sourceTree = "<group>"; };
		95DBDE9523C36D22003AB3C7 /* PatternsDemo.swift */ = {isa = PBXFileReference; lastKnownFileType = sourcecode.swift; path = PatternsDemo.swift; sourceTree = "<group>"; };
		95DBDE9723C36FE6003AB3C7 /* ProxyDemo.swift */ = {isa = PBXFileReference; lastKnownFileType = sourcecode.swift; path = ProxyDemo.swift; sourceTree = "<group>"; };
		95DBDE9923C370BA003AB3C7 /* IteratorDemo.swift */ = {isa = PBXFileReference; lastKnownFileType = sourcecode.swift; path = IteratorDemo.swift; sourceTree = "<group>"; };
		95DBDE9C23C37274003AB3C7 /* Playgrounds.swift */ = {isa = PBXFileReference; lastKnownFileType = sourcecode.swift; path = Playgrounds.swift; sourceTree = "<group>"; };
		95DBDE9E23C372ED003AB3C7 /* CoffeeMachine.swift */ = {isa = PBXFileReference; lastKnownFileType = sourcecode.swift; path = CoffeeMachine.swift; sourceTree = "<group>"; };
		95DBDEA023C37520003AB3C7 /* Broadcasting.swift */ = {isa = PBXFileReference; lastKnownFileType = sourcecode.swift; path = Broadcasting.swift; sourceTree = "<group>"; };
		95DBDEA223C3765B003AB3C7 /* RequestHandling.swift */ = {isa = PBXFileReference; lastKnownFileType = sourcecode.swift; path = RequestHandling.swift; sourceTree = "<group>"; };
		95DBDEA423C37796003AB3C7 /* SpaceFleet.swift */ = {isa = PBXFileReference; lastKnownFileType = sourcecode.swift; path = SpaceFleet.swift; sourceTree = "<group>"; };
		95DBDEA623C37940003AB3C7 /* PaymentDemo.swift */ = {isa = PBXFileReference; lastKnownFileType = sourcecode.swift; path = PaymentDemo.swift; sourceTree = "<group>"; };
		95DBDED923C48D32003AB3C7 /* PatternsExamples.swift */ = {isa = PBXFileReference; lastKnownFileType = sourcecode.swift; path = PatternsExamples.swift; sourceTree = "<group>"; };
		95DBDEDC23C48D61003AB3C7 /* BuilderExample.swift */ = {isa = PBXFileReference; lastKnownFileType = sourcecode.swift; path = BuilderExample.swift; sourceTree = "<group>"; };
		95DBDEDE23C48EC6003AB3C7 /* ChainOfResponsibilityExample.swift */ = {isa = PBXFileReference; lastKnownFileType = sourcecode.swift; path = ChainOfResponsibilityExample.swift; sourceTree = "<group>"; };
		95DBDEE023C4987A003AB3C7 /* ProxyExample.swift */ = {isa = PBXFileReference; lastKnownFileType = sourcecode.swift; path = ProxyExample.swift; sourceTree = "<group>"; };
		95DBDEE223C49914003AB3C7 /* StateExample.swift */ = {isa = PBXFileReference; lastKnownFileType = sourcecode.swift; path = StateExample.swift; sourceTree = "<group>"; };
/* End PBXFileReference section */

/* Begin PBXFrameworksBuildPhase section */
		1D0A7C3623BB1236005C691D /* Frameworks */ = {
			isa = PBXFrameworksBuildPhase;
			buildActionMask = 2147483647;
			files = (
			);
			runOnlyForDeploymentPostprocessing = 0;
		};
/* End PBXFrameworksBuildPhase section */

/* Begin PBXGroup section */
		1D0A7C3023BB1236005C691D = {
			isa = PBXGroup;
			children = (
				1D0A7C3B23BB1236005C691D /* DesignPatterns */,
				1D0A7C3A23BB1236005C691D /* Products */,
			);
			sourceTree = "<group>";
		};
		1D0A7C3A23BB1236005C691D /* Products */ = {
			isa = PBXGroup;
			children = (
				1D0A7C3923BB1236005C691D /* DesignPatterns.app */,
			);
			name = Products;
			sourceTree = "<group>";
		};
		1D0A7C3B23BB1236005C691D /* DesignPatterns */ = {
			isa = PBXGroup;
			children = (
				95DBDEDB23C48D3A003AB3C7 /* PatternsExamples */,
				95DBDE9B23C37254003AB3C7 /* Playgrounds */,
				95DBDE9023C36C73003AB3C7 /* PatternsDemo */,
				1D0A7C5023BB1247005C691D /* Patterns */,
				1D0A7C3C23BB1236005C691D /* AppDelegate.swift */,
				1D0A7C3E23BB1236005C691D /* SceneDelegate.swift */,
				1D0A7C4023BB1236005C691D /* ContentView.swift */,
				1D0A7C4223BB123A005C691D /* Assets.xcassets */,
				1D0A7C4723BB123A005C691D /* LaunchScreen.storyboard */,
				1D0A7C4A23BB123A005C691D /* Info.plist */,
				1D0A7C4423BB123A005C691D /* Preview Content */,
				95DBDE9323C36D11003AB3C7 /* Patterns.swift */,
				95DBDE9523C36D22003AB3C7 /* PatternsDemo.swift */,
				95DBDE9C23C37274003AB3C7 /* Playgrounds.swift */,
				95DBDED923C48D32003AB3C7 /* PatternsExamples.swift */,
			);
			path = DesignPatterns;
			sourceTree = "<group>";
		};
		1D0A7C4423BB123A005C691D /* Preview Content */ = {
			isa = PBXGroup;
			children = (
				1D0A7C4523BB123A005C691D /* Preview Assets.xcassets */,
			);
			path = "Preview Content";
			sourceTree = "<group>";
		};
		1D0A7C5023BB1247005C691D /* Patterns */ = {
			isa = PBXGroup;
			children = (
				1D0A7C5123BB1266005C691D /* Singleton.swift */,
				1D0A7C5323BB29E3005C691D /* Observer.swift */,
				1D0A7C5523BB4130005C691D /* Strategy.swift */,
				1D0A7C5723BB492D005C691D /* Decorator.swift */,
				1D0A7C5923BB5719005C691D /* Adapter.swift */,
				1D0A7C5B23BB60C3005C691D /* Facade.swift */,
				1D0A7C5F23BB6738005C691D /* Prototype.swift */,
				1D0A7C6123BB8C23005C691D /* TemplateMethod.swift */,
				1D0A7C6323BBA15C005C691D /* Proxy.swift */,
				1D0A7C6523BBA2E2005C691D /* Composite.swift */,
				1D0A7C6723BBA400005C691D /* ChainOfResponsibility.swift */,
				1D0A7C6923BBA534005C691D /* Iterator.swift */,
				1D0A7C6B23BBA5F0005C691D /* Command.swift */,
				1D0A7C6D23BBA6BC005C691D /* Mediator.swift */,
				1D0A7C6F23BBA803005C691D /* Visitor.swift */,
				1D0A7C7123BBA8FC005C691D /* Flyweight.swift */,
				1D0A7C7323BBAB8F005C691D /* State.swift */,
				1D0A7C7523BBB153005C691D /* Memento.swift */,
				95DBDE8E23C36B4C003AB3C7 /* FactoryMethod.swift */,
			);
			path = Patterns;
			sourceTree = "<group>";
		};
		95DBDE9023C36C73003AB3C7 /* PatternsDemo */ = {
			isa = PBXGroup;
			children = (
				95DBDE9123C36C8A003AB3C7 /* DecoratorDemo.swift */,
				95DBDE9723C36FE6003AB3C7 /* ProxyDemo.swift */,
				95DBDE9923C370BA003AB3C7 /* IteratorDemo.swift */,
			);
			path = PatternsDemo;
			sourceTree = "<group>";
		};
		95DBDE9B23C37254003AB3C7 /* Playgrounds */ = {
			isa = PBXGroup;
			children = (
				95DBDE9E23C372ED003AB3C7 /* CoffeeMachine.swift */,
				95DBDEA023C37520003AB3C7 /* Broadcasting.swift */,
				95DBDEA223C3765B003AB3C7 /* RequestHandling.swift */,
				95DBDEA423C37796003AB3C7 /* SpaceFleet.swift */,
				95DBDEA623C37940003AB3C7 /* PaymentDemo.swift */,
			);
			path = Playgrounds;
			sourceTree = "<group>";
		};
		95DBDEDB23C48D3A003AB3C7 /* PatternsExamples */ = {
			isa = PBXGroup;
			children = (
				95DBDEDC23C48D61003AB3C7 /* BuilderExample.swift */,
				95DBDEDE23C48EC6003AB3C7 /* ChainOfResponsibilityExample.swift */,
				95DBDEE023C4987A003AB3C7 /* ProxyExample.swift */,
				95DBDEE223C49914003AB3C7 /* StateExample.swift */,
			);
			path = PatternsExamples;
			sourceTree = "<group>";
		};
/* End PBXGroup section */

/* Begin PBXNativeTarget section */
		1D0A7C3823BB1236005C691D /* DesignPatterns */ = {
			isa = PBXNativeTarget;
			buildConfigurationList = 1D0A7C4D23BB123A005C691D /* Build configuration list for PBXNativeTarget "DesignPatterns" */;
			buildPhases = (
				1D0A7C3523BB1236005C691D /* Sources */,
				1D0A7C3623BB1236005C691D /* Frameworks */,
				1D0A7C3723BB1236005C691D /* Resources */,
			);
			buildRules = (
			);
			dependencies = (
			);
			name = DesignPatterns;
			productName = DesignPatterns;
			productReference = 1D0A7C3923BB1236005C691D /* DesignPatterns.app */;
			productType = "com.apple.product-type.application";
		};
/* End PBXNativeTarget section */

/* Begin PBXProject section */
		1D0A7C3123BB1236005C691D /* Project object */ = {
			isa = PBXProject;
			attributes = {
				LastSwiftUpdateCheck = 1130;
				LastUpgradeCheck = 1130;
				ORGANIZATIONNAME = "Ramill Ibragimov";
				TargetAttributes = {
					1D0A7C3823BB1236005C691D = {
						CreatedOnToolsVersion = 11.3;
					};
				};
			};
			buildConfigurationList = 1D0A7C3423BB1236005C691D /* Build configuration list for PBXProject "DesignPatterns" */;
			compatibilityVersion = "Xcode 9.3";
			developmentRegion = en;
			hasScannedForEncodings = 0;
			knownRegions = (
				en,
				Base,
			);
			mainGroup = 1D0A7C3023BB1236005C691D;
			productRefGroup = 1D0A7C3A23BB1236005C691D /* Products */;
			projectDirPath = "";
			projectRoot = "";
			targets = (
				1D0A7C3823BB1236005C691D /* DesignPatterns */,
			);
		};
/* End PBXProject section */

/* Begin PBXResourcesBuildPhase section */
		1D0A7C3723BB1236005C691D /* Resources */ = {
			isa = PBXResourcesBuildPhase;
			buildActionMask = 2147483647;
			files = (
				1D0A7C4923BB123A005C691D /* LaunchScreen.storyboard in Resources */,
				1D0A7C4623BB123A005C691D /* Preview Assets.xcassets in Resources */,
				1D0A7C4323BB123A005C691D /* Assets.xcassets in Resources */,
			);
			runOnlyForDeploymentPostprocessing = 0;
		};
/* End PBXResourcesBuildPhase section */

/* Begin PBXSourcesBuildPhase section */
		1D0A7C3523BB1236005C691D /* Sources */ = {
			isa = PBXSourcesBuildPhase;
			buildActionMask = 2147483647;
			files = (
				95DBDE9A23C370BA003AB3C7 /* IteratorDemo.swift in Sources */,
				1D0A7C6E23BBA6BC005C691D /* Mediator.swift in Sources */,
				1D0A7C7223BBA8FC005C691D /* Flyweight.swift in Sources */,
				95DBDE9423C36D11003AB3C7 /* Patterns.swift in Sources */,
				1D0A7C5C23BB60C3005C691D /* Facade.swift in Sources */,
				1D0A7C7423BBAB8F005C691D /* State.swift in Sources */,
				1D0A7C3D23BB1236005C691D /* AppDelegate.swift in Sources */,
				95DBDEA723C37940003AB3C7 /* PaymentDemo.swift in Sources */,
				95DBDEA523C37796003AB3C7 /* SpaceFleet.swift in Sources */,
				95DBDE9223C36C8A003AB3C7 /* DecoratorDemo.swift in Sources */,
				95DBDE9D23C37274003AB3C7 /* Playgrounds.swift in Sources */,
				1D0A7C5A23BB5719005C691D /* Adapter.swift in Sources */,
				1D0A7C6A23BBA534005C691D /* Iterator.swift in Sources */,
				1D0A7C5423BB29E3005C691D /* Observer.swift in Sources */,
				95DBDEE323C49914003AB3C7 /* StateExample.swift in Sources */,
				95DBDEE123C4987A003AB3C7 /* ProxyExample.swift in Sources */,
				1D0A7C6423BBA15C005C691D /* Proxy.swift in Sources */,
				1D0A7C5623BB4130005C691D /* Strategy.swift in Sources */,
				1D0A7C6C23BBA5F0005C691D /* Command.swift in Sources */,
				1D0A7C6823BBA400005C691D /* ChainOfResponsibility.swift in Sources */,
				1D0A7C6623BBA2E2005C691D /* Composite.swift in Sources */,
				95DBDEDA23C48D32003AB3C7 /* PatternsExamples.swift in Sources */,
				1D0A7C5223BB1266005C691D /* Singleton.swift in Sources */,
				1D0A7C6023BB6738005C691D /* Prototype.swift in Sources */,
				1D0A7C7623BBB153005C691D /* Memento.swift in Sources */,
				1D0A7C3F23BB1236005C691D /* SceneDelegate.swift in Sources */,
				1D0A7C4123BB1236005C691D /* ContentView.swift in Sources */,
				1D0A7C5823BB492D005C691D /* Decorator.swift in Sources */,
				95DBDE9823C36FE6003AB3C7 /* ProxyDemo.swift in Sources */,
				95DBDE8F23C36B4C003AB3C7 /* FactoryMethod.swift in Sources */,
				95DBDEDD23C48D61003AB3C7 /* BuilderExample.swift in Sources */,
				1D0A7C7023BBA803005C691D /* Visitor.swift in Sources */,
				95DBDEA123C37520003AB3C7 /* Broadcasting.swift in Sources */,
				1D0A7C6223BB8C23005C691D /* TemplateMethod.swift in Sources */,
				95DBDEA323C3765B003AB3C7 /* RequestHandling.swift in Sources */,
				95DBDEDF23C48EC6003AB3C7 /* ChainOfResponsibilityExample.swift in Sources */,
				95DBDE9F23C372ED003AB3C7 /* CoffeeMachine.swift in Sources */,
				95DBDE9623C36D22003AB3C7 /* PatternsDemo.swift in Sources */,
			);
			runOnlyForDeploymentPostprocessing = 0;
		};
/* End PBXSourcesBuildPhase section */

/* Begin PBXVariantGroup section */
		1D0A7C4723BB123A005C691D /* LaunchScreen.storyboard */ = {
			isa = PBXVariantGroup;
			children = (
				1D0A7C4823BB123A005C691D /* Base */,
			);
			name = LaunchScreen.storyboard;
			sourceTree = "<group>";
		};
/* End PBXVariantGroup section */

/* Begin XCBuildConfiguration section */
		1D0A7C4B23BB123A005C691D /* Debug */ = {
			isa = XCBuildConfiguration;
			buildSettings = {
				ALWAYS_SEARCH_USER_PATHS = NO;
				CLANG_ANALYZER_NONNULL = YES;
				CLANG_ANALYZER_NUMBER_OBJECT_CONVERSION = YES_AGGRESSIVE;
				CLANG_CXX_LANGUAGE_STANDARD = "gnu++14";
				CLANG_CXX_LIBRARY = "libc++";
				CLANG_ENABLE_MODULES = YES;
				CLANG_ENABLE_OBJC_ARC = YES;
				CLANG_ENABLE_OBJC_WEAK = YES;
				CLANG_WARN_BLOCK_CAPTURE_AUTORELEASING = YES;
				CLANG_WARN_BOOL_CONVERSION = YES;
				CLANG_WARN_COMMA = YES;
				CLANG_WARN_CONSTANT_CONVERSION = YES;
				CLANG_WARN_DEPRECATED_OBJC_IMPLEMENTATIONS = YES;
				CLANG_WARN_DIRECT_OBJC_ISA_USAGE = YES_ERROR;
				CLANG_WARN_DOCUMENTATION_COMMENTS = YES;
				CLANG_WARN_EMPTY_BODY = YES;
				CLANG_WARN_ENUM_CONVERSION = YES;
				CLANG_WARN_INFINITE_RECURSION = YES;
				CLANG_WARN_INT_CONVERSION = YES;
				CLANG_WARN_NON_LITERAL_NULL_CONVERSION = YES;
				CLANG_WARN_OBJC_IMPLICIT_RETAIN_SELF = YES;
				CLANG_WARN_OBJC_LITERAL_CONVERSION = YES;
				CLANG_WARN_OBJC_ROOT_CLASS = YES_ERROR;
				CLANG_WARN_RANGE_LOOP_ANALYSIS = YES;
				CLANG_WARN_STRICT_PROTOTYPES = YES;
				CLANG_WARN_SUSPICIOUS_MOVE = YES;
				CLANG_WARN_UNGUARDED_AVAILABILITY = YES_AGGRESSIVE;
				CLANG_WARN_UNREACHABLE_CODE = YES;
				CLANG_WARN__DUPLICATE_METHOD_MATCH = YES;
				COPY_PHASE_STRIP = NO;
				DEBUG_INFORMATION_FORMAT = dwarf;
				ENABLE_STRICT_OBJC_MSGSEND = YES;
				ENABLE_TESTABILITY = YES;
				GCC_C_LANGUAGE_STANDARD = gnu11;
				GCC_DYNAMIC_NO_PIC = NO;
				GCC_NO_COMMON_BLOCKS = YES;
				GCC_OPTIMIZATION_LEVEL = 0;
				GCC_PREPROCESSOR_DEFINITIONS = (
					"DEBUG=1",
					"$(inherited)",
				);
				GCC_WARN_64_TO_32_BIT_CONVERSION = YES;
				GCC_WARN_ABOUT_RETURN_TYPE = YES_ERROR;
				GCC_WARN_UNDECLARED_SELECTOR = YES;
				GCC_WARN_UNINITIALIZED_AUTOS = YES_AGGRESSIVE;
				GCC_WARN_UNUSED_FUNCTION = YES;
				GCC_WARN_UNUSED_VARIABLE = YES;
				IPHONEOS_DEPLOYMENT_TARGET = 13.2;
				MTL_ENABLE_DEBUG_INFO = INCLUDE_SOURCE;
				MTL_FAST_MATH = YES;
				ONLY_ACTIVE_ARCH = YES;
				SDKROOT = iphoneos;
				SWIFT_ACTIVE_COMPILATION_CONDITIONS = DEBUG;
				SWIFT_OPTIMIZATION_LEVEL = "-Onone";
			};
			name = Debug;
		};
		1D0A7C4C23BB123A005C691D /* Release */ = {
			isa = XCBuildConfiguration;
			buildSettings = {
				ALWAYS_SEARCH_USER_PATHS = NO;
				CLANG_ANALYZER_NONNULL = YES;
				CLANG_ANALYZER_NUMBER_OBJECT_CONVERSION = YES_AGGRESSIVE;
				CLANG_CXX_LANGUAGE_STANDARD = "gnu++14";
				CLANG_CXX_LIBRARY = "libc++";
				CLANG_ENABLE_MODULES = YES;
				CLANG_ENABLE_OBJC_ARC = YES;
				CLANG_ENABLE_OBJC_WEAK = YES;
				CLANG_WARN_BLOCK_CAPTURE_AUTORELEASING = YES;
				CLANG_WARN_BOOL_CONVERSION = YES;
				CLANG_WARN_COMMA = YES;
				CLANG_WARN_CONSTANT_CONVERSION = YES;
				CLANG_WARN_DEPRECATED_OBJC_IMPLEMENTATIONS = YES;
				CLANG_WARN_DIRECT_OBJC_ISA_USAGE = YES_ERROR;
				CLANG_WARN_DOCUMENTATION_COMMENTS = YES;
				CLANG_WARN_EMPTY_BODY = YES;
				CLANG_WARN_ENUM_CONVERSION = YES;
				CLANG_WARN_INFINITE_RECURSION = YES;
				CLANG_WARN_INT_CONVERSION = YES;
				CLANG_WARN_NON_LITERAL_NULL_CONVERSION = YES;
				CLANG_WARN_OBJC_IMPLICIT_RETAIN_SELF = YES;
				CLANG_WARN_OBJC_LITERAL_CONVERSION = YES;
				CLANG_WARN_OBJC_ROOT_CLASS = YES_ERROR;
				CLANG_WARN_RANGE_LOOP_ANALYSIS = YES;
				CLANG_WARN_STRICT_PROTOTYPES = YES;
				CLANG_WARN_SUSPICIOUS_MOVE = YES;
				CLANG_WARN_UNGUARDED_AVAILABILITY = YES_AGGRESSIVE;
				CLANG_WARN_UNREACHABLE_CODE = YES;
				CLANG_WARN__DUPLICATE_METHOD_MATCH = YES;
				COPY_PHASE_STRIP = NO;
				DEBUG_INFORMATION_FORMAT = "dwarf-with-dsym";
				ENABLE_NS_ASSERTIONS = NO;
				ENABLE_STRICT_OBJC_MSGSEND = YES;
				GCC_C_LANGUAGE_STANDARD = gnu11;
				GCC_NO_COMMON_BLOCKS = YES;
				GCC_WARN_64_TO_32_BIT_CONVERSION = YES;
				GCC_WARN_ABOUT_RETURN_TYPE = YES_ERROR;
				GCC_WARN_UNDECLARED_SELECTOR = YES;
				GCC_WARN_UNINITIALIZED_AUTOS = YES_AGGRESSIVE;
				GCC_WARN_UNUSED_FUNCTION = YES;
				GCC_WARN_UNUSED_VARIABLE = YES;
				IPHONEOS_DEPLOYMENT_TARGET = 13.2;
				MTL_ENABLE_DEBUG_INFO = NO;
				MTL_FAST_MATH = YES;
				SDKROOT = iphoneos;
				SWIFT_COMPILATION_MODE = wholemodule;
				SWIFT_OPTIMIZATION_LEVEL = "-O";
				VALIDATE_PRODUCT = YES;
			};
			name = Release;
		};
		1D0A7C4E23BB123A005C691D /* Debug */ = {
			isa = XCBuildConfiguration;
			buildSettings = {
				ASSETCATALOG_COMPILER_APPICON_NAME = AppIcon;
				CODE_SIGN_STYLE = Automatic;
				DEVELOPMENT_ASSET_PATHS = "\"DesignPatterns/Preview Content\"";
				DEVELOPMENT_TEAM = L8W86DZDY2;
				ENABLE_PREVIEWS = YES;
				INFOPLIST_FILE = DesignPatterns/Info.plist;
				LD_RUNPATH_SEARCH_PATHS = (
					"$(inherited)",
					"@executable_path/Frameworks",
				);
				PRODUCT_BUNDLE_IDENTIFIER = com.ri.DesignPatterns;
				PRODUCT_NAME = "$(TARGET_NAME)";
				SWIFT_VERSION = 5.0;
				TARGETED_DEVICE_FAMILY = "1,2";
			};
			name = Debug;
		};
		1D0A7C4F23BB123A005C691D /* Release */ = {
			isa = XCBuildConfiguration;
			buildSettings = {
				ASSETCATALOG_COMPILER_APPICON_NAME = AppIcon;
				CODE_SIGN_STYLE = Automatic;
				DEVELOPMENT_ASSET_PATHS = "\"DesignPatterns/Preview Content\"";
				DEVELOPMENT_TEAM = L8W86DZDY2;
				ENABLE_PREVIEWS = YES;
				INFOPLIST_FILE = DesignPatterns/Info.plist;
				LD_RUNPATH_SEARCH_PATHS = (
					"$(inherited)",
					"@executable_path/Frameworks",
				);
				PRODUCT_BUNDLE_IDENTIFIER = com.ri.DesignPatterns;
				PRODUCT_NAME = "$(TARGET_NAME)";
				SWIFT_VERSION = 5.0;
				TARGETED_DEVICE_FAMILY = "1,2";
			};
			name = Release;
		};
/* End XCBuildConfiguration section */

/* Begin XCConfigurationList section */
		1D0A7C3423BB1236005C691D /* Build configuration list for PBXProject "DesignPatterns" */ = {
			isa = XCConfigurationList;
			buildConfigurations = (
				1D0A7C4B23BB123A005C691D /* Debug */,
				1D0A7C4C23BB123A005C691D /* Release */,
			);
			defaultConfigurationIsVisible = 0;
			defaultConfigurationName = Release;
		};
		1D0A7C4D23BB123A005C691D /* Build configuration list for PBXNativeTarget "DesignPatterns" */ = {
			isa = XCConfigurationList;
			buildConfigurations = (
				1D0A7C4E23BB123A005C691D /* Debug */,
				1D0A7C4F23BB123A005C691D /* Release */,
			);
			defaultConfigurationIsVisible = 0;
			defaultConfigurationName = Release;
		};
/* End XCConfigurationList section */
	};
	rootObject = 1D0A7C3123BB1236005C691D /* Project object */;
}
